Microsoft Visual Studio Solution File, Format Version 12.00
# Visual Studio Version 17
VisualStudioVersion = 17.5.2.0
MinimumVisualStudioVersion = 10.0.40219.1
Project("{FAE04EC0-301F-11D3-BF4B-00C04F79EFBC}") = "WorkshopAPI", "WorkshopAPI.csproj", "{B21A4E14-2A84-C4B8-652E-B9CB51B160B9}"
EndProject
Global
	GlobalSection(SolutionConfigurationPlatforms) = preSolution
		Debug|Any CPU = Debug|Any CPU
		Release|Any CPU = Release|Any CPU
	EndGlobalSection
	GlobalSection(ProjectConfigurationPlatforms) = postSolution
		{B21A4E14-2A84-C4B8-652E-B9CB51B160B9}.Debug|Any CPU.ActiveCfg = Debug|Any CPU
		{B21A4E14-2A84-C4B8-652E-B9CB51B160B9}.Debug|Any CPU.Build.0 = Debug|Any CPU
		{B21A4E14-2A84-C4B8-652E-B9CB51B160B9}.Release|Any CPU.ActiveCfg = Release|Any CPU
		{B21A4E14-2A84-C4B8-652E-B9CB51B160B9}.Release|Any CPU.Build.0 = Release|Any CPU
	EndGlobalSection
	GlobalSection(SolutionProperties) = preSolution
		HideSolutionNode = FALSE
	EndGlobalSection
	GlobalSection(ExtensibilityGlobals) = postSolution
		SolutionGuid = {F05291A1-9D8D-4B4D-AB48-FCC9719796EE}
	EndGlobalSection
EndGlobal
